[[package]]
name = "kombi_nft"
source = "member"
dependencies = [
    "kombi_nft_abi",
    "kombination_lib",
    "standards",
    "std",
    "sway_libs",
]

[[package]]
name = "kombi_nft_abi"
source = "path+from-root-5B76F245E39222D6"
dependencies = ["std"]

[[package]]
name = "kombination_example"
source = "member"
dependencies = ["std"]

[[package]]
name = "kombination_lib"
source = "member"
dependencies = ["std"]

[[package]]
name = "parts_nft"
source = "member"
dependencies = [
    "kombination_lib",
    "parts_nft_abi",
    "standards",
    "std",
    "sway_libs",
]

[[package]]
name = "parts_nft_abi"
source = "path+from-root-D7B677A091ACDD14"
dependencies = ["std"]

[[package]]
name = "standards"
source = "git+https://github.com/FuelLabs/sway-standards?tag=v0.7.0#7d35df95e0b96dc8ad188ab169fbbeeac896aae8"
dependencies = ["std"]

[[package]]
name = "std"
source = "git+https://github.com/fuellabs/sway?tag=v0.68.2#05480bb07ed7b62e4123a2696ba22bce57ffb049"

[[package]]
name = "sway_libs"
source = "git+https://github.com/FuelLabs/sway-libs?tag=v0.25.2#f43d8b4aacf60867989408991414958f8eab28c0"
dependencies = [
    "standards",
    "std",
]
